
Microsoft Visual Studio Solution File, Format Version 12.00
# Visual Studio Version 16
VisualStudioVersion = 16.0.31829.152
MinimumVisualStudioVersion = 10.0.40219.1
Project("{FAE04EC0-301F-11D3-BF4B-00C04F79EFBC}") = "WpfApp1", "WpfApp1\WpfApp1.csproj", "{7FFC351F-190D-4961-93ED-3049B1B747F1}"
EndProject
Global
	GlobalSection(SolutionConfigurationPlatforms) = preSolution
		Debug|Any CPU = Debug|Any CPU
		Release|Any CPU = Release|Any CPU
	EndGlobalSection
	GlobalSection(ProjectConfigurationPlatforms) = postSolution
		{7FFC351F-190D-4961-93ED-3049B1B747F1}.Debug|Any CPU.ActiveCfg = Debug|Any CPU
		{7FFC351F-190D-4961-93ED-3049B1B747F1}.Debug|Any CPU.Build.0 = Debug|Any CPU
		{7FFC351F-190D-4961-93ED-3049B1B747F1}.Release|Any CPU.ActiveCfg = Release|Any CPU
		{7FFC351F-190D-4961-93ED-3049B1B747F1}.Release|Any CPU.Build.0 = Release|Any CPU
	EndGlobalSection
	GlobalSection(SolutionProperties) = preSolution
		HideSolutionNode = FALSE
	EndGlobalSection
	GlobalSection(ExtensibilityGlobals) = postSolution
		SolutionGuid = {CDDA2645-7939-4D19-94D2-D7F9DECCBFA0}
	EndGlobalSection
EndGlobal
